
Microsoft Visual Studio Solution File, Format Version 12.00
# Visual Studio Version 17
VisualStudioVersion = 17.8.34212.112
MinimumVisualStudioVersion = 10.0.40219.1
Project("{FAE04EC0-301F-11D3-BF4B-00C04F79EFBC}") = "Setsu.Results", "Setsu.Results.csproj", "{FEB8F64C-0C32-449A-ABEB-C31F76F6144D}"
EndProject
Global
	GlobalSection(SolutionConfigurationPlatforms) = preSolution
		Debug|Any CPU = Debug|Any CPU
		Release|Any CPU = Release|Any CPU
	EndGlobalSection
	GlobalSection(ProjectConfigurationPlatforms) = postSolution
		{FEB8F64C-0C32-449A-ABEB-C31F76F6144D}.Debug|Any CPU.ActiveCfg = Debug|Any CPU
		{FEB8F64C-0C32-449A-ABEB-C31F76F6144D}.Debug|Any CPU.Build.0 = Debug|Any CPU
		{FEB8F64C-0C32-449A-ABEB-C31F76F6144D}.Release|Any CPU.ActiveCfg = Release|Any CPU
		{FEB8F64C-0C32-449A-ABEB-C31F76F6144D}.Release|Any CPU.Build.0 = Release|Any CPU
	EndGlobalSection
	GlobalSection(SolutionProperties) = preSolution
		HideSolutionNode = FALSE
	EndGlobalSection
	GlobalSection(ExtensibilityGlobals) = postSolution
		SolutionGuid = {6573743C-8F44-4F34-A686-F724DE787B97}
	EndGlobalSection
EndGlobal
